
Microsoft Visual Studio Solution File, Format Version 12.00
# Visual Studio 2013
VisualStudioVersion = 12.0.21005.1
MinimumVisualStudioVersion = 10.0.40219.1
Project("{FAE04EC0-301F-11D3-BF4B-00C04F79EFBC}") = "01.StructureProject", "01.StructureProject\01.StructureProject.csproj", "{89D0287A-9D41-43B8-8F51-BB2CB89879AB}"
EndProject
Project("{FAE04EC0-301F-11D3-BF4B-00C04F79EFBC}") = "02.GenericClassProject", "02.GenericClassProject\02.GenericClassProject.csproj", "{4C463AC1-35C2-49A7-B4EA-0DEBAD636DB1}"
EndProject
Project("{FAE04EC0-301F-11D3-BF4B-00C04F79EFBC}") = "03.MatrixProject", "03.MatrixProject\03.MatrixProject.csproj", "{7A3999B0-3891-4CA6-83B0-312E729ED626}"
EndProject
Project("{FAE04EC0-301F-11D3-BF4B-00C04F79EFBC}") = "04.VersionAttributeProject", "04.VersionAttributeProject\04.VersionAttributeProject.csproj", "{73AEE22B-5E03-4979-9B44-4ECC57101D38}"
EndProject
Global
	GlobalSection(SolutionConfigurationPlatforms) = preSolution
		Debug|Any CPU = Debug|Any CPU
		Release|Any CPU = Release|Any CPU
	EndGlobalSection
	GlobalSection(ProjectConfigurationPlatforms) = postSolution
		{89D0287A-9D41-43B8-8F51-BB2CB89879AB}.Debug|Any CPU.ActiveCfg = Debug|Any CPU
		{89D0287A-9D41-43B8-8F51-BB2CB89879AB}.Debug|Any CPU.Build.0 = Debug|Any CPU
		{89D0287A-9D41-43B8-8F51-BB2CB89879AB}.Release|Any CPU.ActiveCfg = Release|Any CPU
		{89D0287A-9D41-43B8-8F51-BB2CB89879AB}.Release|Any CPU.Build.0 = Release|Any CPU
		{4C463AC1-35C2-49A7-B4EA-0DEBAD636DB1}.Debug|Any CPU.ActiveCfg = Debug|Any CPU
		{4C463AC1-35C2-49A7-B4EA-0DEBAD636DB1}.Debug|Any CPU.Build.0 = Debug|Any CPU
		{4C463AC1-35C2-49A7-B4EA-0DEBAD636DB1}.Release|Any CPU.ActiveCfg = Release|Any CPU
		{4C463AC1-35C2-49A7-B4EA-0DEBAD636DB1}.Release|Any CPU.Build.0 = Release|Any CPU
		{7A3999B0-3891-4CA6-83B0-312E729ED626}.Debug|Any CPU.ActiveCfg = Debug|Any CPU
		{7A3999B0-3891-4CA6-83B0-312E729ED626}.Debug|Any CPU.Build.0 = Debug|Any CPU
		{7A3999B0-3891-4CA6-83B0-312E729ED626}.Release|Any CPU.ActiveCfg = Release|Any CPU
		{7A3999B0-3891-4CA6-83B0-312E729ED626}.Release|Any CPU.Build.0 = Release|Any CPU
		{73AEE22B-5E03-4979-9B44-4ECC57101D38}.Debug|Any CPU.ActiveCfg = Debug|Any CPU
		{73AEE22B-5E03-4979-9B44-4ECC57101D38}.Debug|Any CPU.Build.0 = Debug|Any CPU
		{73AEE22B-5E03-4979-9B44-4ECC57101D38}.Release|Any CPU.ActiveCfg = Release|Any CPU
		{73AEE22B-5E03-4979-9B44-4ECC57101D38}.Release|Any CPU.Build.0 = Release|Any CPU
	EndGlobalSection
	GlobalSection(SolutionProperties) = preSolution
		HideSolutionNode = FALSE
	EndGlobalSection
EndGlobal
