
Microsoft Visual Studio Solution File, Format Version 12.00
# Visual Studio 14
VisualStudioVersion = 14.0.24720.0
MinimumVisualStudioVersion = 10.0.40219.1
Project("{FAE04EC0-301F-11D3-BF4B-00C04F79EFBC}") = "Task02.BitCalculator", "Task02.BitCalculator\Task02.BitCalculator.csproj", "{A813C961-FA9E-4065-AC17-A15ADAA9A6F2}"
EndProject
Project("{FAE04EC0-301F-11D3-BF4B-00C04F79EFBC}") = "Task03.MVCApplication", "Task03.MVCApplication\Task03.MVCApplication.csproj", "{526755E9-7E3B-484A-85A0-F0DA0626A358}"
EndProject
Global
	GlobalSection(SolutionConfigurationPlatforms) = preSolution
		Debug|Any CPU = Debug|Any CPU
		Release|Any CPU = Release|Any CPU
	EndGlobalSection
	GlobalSection(ProjectConfigurationPlatforms) = postSolution
		{A813C961-FA9E-4065-AC17-A15ADAA9A6F2}.Debug|Any CPU.ActiveCfg = Debug|Any CPU
		{A813C961-FA9E-4065-AC17-A15ADAA9A6F2}.Debug|Any CPU.Build.0 = Debug|Any CPU
		{A813C961-FA9E-4065-AC17-A15ADAA9A6F2}.Release|Any CPU.ActiveCfg = Release|Any CPU
		{A813C961-FA9E-4065-AC17-A15ADAA9A6F2}.Release|Any CPU.Build.0 = Release|Any CPU
		{526755E9-7E3B-484A-85A0-F0DA0626A358}.Debug|Any CPU.ActiveCfg = Debug|Any CPU
		{526755E9-7E3B-484A-85A0-F0DA0626A358}.Debug|Any CPU.Build.0 = Debug|Any CPU
		{526755E9-7E3B-484A-85A0-F0DA0626A358}.Release|Any CPU.ActiveCfg = Release|Any CPU
		{526755E9-7E3B-484A-85A0-F0DA0626A358}.Release|Any CPU.Build.0 = Release|Any CPU
	EndGlobalSection
	GlobalSection(SolutionProperties) = preSolution
		HideSolutionNode = FALSE
	EndGlobalSection
EndGlobal
