
Microsoft Visual Studio Solution File, Format Version 12.00
# Visual Studio 2013
VisualStudioVersion = 12.0.21005.1
MinimumVisualStudioVersion = 10.0.40219.1
Project("{FAE04EC0-301F-11D3-BF4B-00C04F79EFBC}") = "01.DeclareVariables", "01.DeclareVariables\01.DeclareVariables.csproj", "{2128FEB8-3D25-4C5A-8257-84B7E649D3D6}"
EndProject
Project("{FAE04EC0-301F-11D3-BF4B-00C04F79EFBC}") = "02.FloatOrDouble", "02.FloatOrDouble\02.FloatOrDouble.csproj", "{FEF43A91-122B-4038-A19C-379E99B140AC}"
EndProject
Project("{FAE04EC0-301F-11D3-BF4B-00C04F79EFBC}") = "03.VariableInHexadecimalFormat", "03.VariableInHexadecimalFormat\03.VariableInHexadecimalFormat.csproj", "{BC59E30B-0A84-4CAF-B268-78FF920C8686}"
EndProject
Project("{FAE04EC0-301F-11D3-BF4B-00C04F79EFBC}") = "04.UnicodeCharacter", "04.UnicodeCharacter\04.UnicodeCharacter.csproj", "{BDEB7229-9664-4C50-9E62-D91A8B428C4E}"
EndProject
Project("{FAE04EC0-301F-11D3-BF4B-00C04F79EFBC}") = "05.BooleanVariable", "05.BooleanVariable\05.BooleanVariable.csproj", "{77BD9258-E773-49F7-B424-8DEB03FE14BF}"
EndProject
Project("{FAE04EC0-301F-11D3-BF4B-00C04F79EFBC}") = "06.StringsAndObjects", "06.StringsAndObjects\06.StringsAndObjects.csproj", "{F18F25DE-BB8C-459B-98C0-55A3467B09F8}"
EndProject
Project("{FAE04EC0-301F-11D3-BF4B-00C04F79EFBC}") = "07.QuotesInStrings", "07.QuotesInStrings\07.QuotesInStrings.csproj", "{540B0C1A-DE71-46BC-AE8C-8C5DB2F4FE95}"
EndProject
Project("{FAE04EC0-301F-11D3-BF4B-00C04F79EFBC}") = "08.IsoscelesTriangle", "08.IsoscelesTriangle\08.IsoscelesTriangle.csproj", "{8C11A952-0593-4F9F-82A4-9D8D46616EFF}"
EndProject
Project("{FAE04EC0-301F-11D3-BF4B-00C04F79EFBC}") = "09.ExchangeVariableValues", "09.ExchangeVariableValues\09.ExchangeVariableValues.csproj", "{DF1F1B64-DACF-4E41-BAC0-C77ECED7D157}"
EndProject
Project("{FAE04EC0-301F-11D3-BF4B-00C04F79EFBC}") = "10.EmployeeData", "10.EmployeeData\10.EmployeeData.csproj", "{9824F006-1915-4617-9B19-CA1B384F869C}"
EndProject
Project("{FAE04EC0-301F-11D3-BF4B-00C04F79EFBC}") = "11. BankAccountData", "11. BankAccountData\11. BankAccountData.csproj", "{52DA7B75-3CF1-4967-9AE5-51BB23DC05EB}"
EndProject
Project("{FAE04EC0-301F-11D3-BF4B-00C04F79EFBC}") = "12.NullValuesArithmetic", "12.NullValuesArithmetic\12.NullValuesArithmetic.csproj", "{0C62EEE4-5F4D-4442-96A1-4809856246D3}"
EndProject
Project("{FAE04EC0-301F-11D3-BF4B-00C04F79EFBC}") = "13.ComparingFloats", "13.ComparingFloats\13.ComparingFloats.csproj", "{D7A3C1C5-6F9C-478F-B536-FEB992413871}"
EndProject
Project("{FAE04EC0-301F-11D3-BF4B-00C04F79EFBC}") = "14.ASCIITable", "14.ASCIITable\14.ASCIITable.csproj", "{5739A5DC-887F-40B4-8BF9-B06805153195}"
EndProject
Global
	GlobalSection(SolutionConfigurationPlatforms) = preSolution
		Debug|Any CPU = Debug|Any CPU
		Release|Any CPU = Release|Any CPU
	EndGlobalSection
	GlobalSection(ProjectConfigurationPlatforms) = postSolution
		{2128FEB8-3D25-4C5A-8257-84B7E649D3D6}.Debug|Any CPU.ActiveCfg = Debug|Any CPU
		{2128FEB8-3D25-4C5A-8257-84B7E649D3D6}.Debug|Any CPU.Build.0 = Debug|Any CPU
		{2128FEB8-3D25-4C5A-8257-84B7E649D3D6}.Release|Any CPU.ActiveCfg = Release|Any CPU
		{2128FEB8-3D25-4C5A-8257-84B7E649D3D6}.Release|Any CPU.Build.0 = Release|Any CPU
		{FEF43A91-122B-4038-A19C-379E99B140AC}.Debug|Any CPU.ActiveCfg = Debug|Any CPU
		{FEF43A91-122B-4038-A19C-379E99B140AC}.Debug|Any CPU.Build.0 = Debug|Any CPU
		{FEF43A91-122B-4038-A19C-379E99B140AC}.Release|Any CPU.ActiveCfg = Release|Any CPU
		{FEF43A91-122B-4038-A19C-379E99B140AC}.Release|Any CPU.Build.0 = Release|Any CPU
		{BC59E30B-0A84-4CAF-B268-78FF920C8686}.Debug|Any CPU.ActiveCfg = Debug|Any CPU
		{BC59E30B-0A84-4CAF-B268-78FF920C8686}.Debug|Any CPU.Build.0 = Debug|Any CPU
		{BC59E30B-0A84-4CAF-B268-78FF920C8686}.Release|Any CPU.ActiveCfg = Release|Any CPU
		{BC59E30B-0A84-4CAF-B268-78FF920C8686}.Release|Any CPU.Build.0 = Release|Any CPU
		{BDEB7229-9664-4C50-9E62-D91A8B428C4E}.Debug|Any CPU.ActiveCfg = Debug|Any CPU
		{BDEB7229-9664-4C50-9E62-D91A8B428C4E}.Debug|Any CPU.Build.0 = Debug|Any CPU
		{BDEB7229-9664-4C50-9E62-D91A8B428C4E}.Release|Any CPU.ActiveCfg = Release|Any CPU
		{BDEB7229-9664-4C50-9E62-D91A8B428C4E}.Release|Any CPU.Build.0 = Release|Any CPU
		{77BD9258-E773-49F7-B424-8DEB03FE14BF}.Debug|Any CPU.ActiveCfg = Debug|Any CPU
		{77BD9258-E773-49F7-B424-8DEB03FE14BF}.Debug|Any CPU.Build.0 = Debug|Any CPU
		{77BD9258-E773-49F7-B424-8DEB03FE14BF}.Release|Any CPU.ActiveCfg = Release|Any CPU
		{77BD9258-E773-49F7-B424-8DEB03FE14BF}.Release|Any CPU.Build.0 = Release|Any CPU
		{F18F25DE-BB8C-459B-98C0-55A3467B09F8}.Debug|Any CPU.ActiveCfg = Debug|Any CPU
		{F18F25DE-BB8C-459B-98C0-55A3467B09F8}.Debug|Any CPU.Build.0 = Debug|Any CPU
		{F18F25DE-BB8C-459B-98C0-55A3467B09F8}.Release|Any CPU.ActiveCfg = Release|Any CPU
		{F18F25DE-BB8C-459B-98C0-55A3467B09F8}.Release|Any CPU.Build.0 = Release|Any CPU
		{540B0C1A-DE71-46BC-AE8C-8C5DB2F4FE95}.Debug|Any CPU.ActiveCfg = Debug|Any CPU
		{540B0C1A-DE71-46BC-AE8C-8C5DB2F4FE95}.Debug|Any CPU.Build.0 = Debug|Any CPU
		{540B0C1A-DE71-46BC-AE8C-8C5DB2F4FE95}.Release|Any CPU.ActiveCfg = Release|Any CPU
		{540B0C1A-DE71-46BC-AE8C-8C5DB2F4FE95}.Release|Any CPU.Build.0 = Release|Any CPU
		{8C11A952-0593-4F9F-82A4-9D8D46616EFF}.Debug|Any CPU.ActiveCfg = Debug|Any CPU
		{8C11A952-0593-4F9F-82A4-9D8D46616EFF}.Debug|Any CPU.Build.0 = Debug|Any CPU
		{8C11A952-0593-4F9F-82A4-9D8D46616EFF}.Release|Any CPU.ActiveCfg = Release|Any CPU
		{8C11A952-0593-4F9F-82A4-9D8D46616EFF}.Release|Any CPU.Build.0 = Release|Any CPU
		{DF1F1B64-DACF-4E41-BAC0-C77ECED7D157}.Debug|Any CPU.ActiveCfg = Debug|Any CPU
		{DF1F1B64-DACF-4E41-BAC0-C77ECED7D157}.Debug|Any CPU.Build.0 = Debug|Any CPU
		{DF1F1B64-DACF-4E41-BAC0-C77ECED7D157}.Release|Any CPU.ActiveCfg = Release|Any CPU
		{DF1F1B64-DACF-4E41-BAC0-C77ECED7D157}.Release|Any CPU.Build.0 = Release|Any CPU
		{9824F006-1915-4617-9B19-CA1B384F869C}.Debug|Any CPU.ActiveCfg = Debug|Any CPU
		{9824F006-1915-4617-9B19-CA1B384F869C}.Debug|Any CPU.Build.0 = Debug|Any CPU
		{9824F006-1915-4617-9B19-CA1B384F869C}.Release|Any CPU.ActiveCfg = Release|Any CPU
		{9824F006-1915-4617-9B19-CA1B384F869C}.Release|Any CPU.Build.0 = Release|Any CPU
		{52DA7B75-3CF1-4967-9AE5-51BB23DC05EB}.Debug|Any CPU.ActiveCfg = Debug|Any CPU
		{52DA7B75-3CF1-4967-9AE5-51BB23DC05EB}.Debug|Any CPU.Build.0 = Debug|Any CPU
		{52DA7B75-3CF1-4967-9AE5-51BB23DC05EB}.Release|Any CPU.ActiveCfg = Release|Any CPU
		{52DA7B75-3CF1-4967-9AE5-51BB23DC05EB}.Release|Any CPU.Build.0 = Release|Any CPU
		{0C62EEE4-5F4D-4442-96A1-4809856246D3}.Debug|Any CPU.ActiveCfg = Debug|Any CPU
		{0C62EEE4-5F4D-4442-96A1-4809856246D3}.Debug|Any CPU.Build.0 = Debug|Any CPU
		{0C62EEE4-5F4D-4442-96A1-4809856246D3}.Release|Any CPU.ActiveCfg = Release|Any CPU
		{0C62EEE4-5F4D-4442-96A1-4809856246D3}.Release|Any CPU.Build.0 = Release|Any CPU
		{D7A3C1C5-6F9C-478F-B536-FEB992413871}.Debug|Any CPU.ActiveCfg = Debug|Any CPU
		{D7A3C1C5-6F9C-478F-B536-FEB992413871}.Debug|Any CPU.Build.0 = Debug|Any CPU
		{D7A3C1C5-6F9C-478F-B536-FEB992413871}.Release|Any CPU.ActiveCfg = Release|Any CPU
		{D7A3C1C5-6F9C-478F-B536-FEB992413871}.Release|Any CPU.Build.0 = Release|Any CPU
		{5739A5DC-887F-40B4-8BF9-B06805153195}.Debug|Any CPU.ActiveCfg = Debug|Any CPU
		{5739A5DC-887F-40B4-8BF9-B06805153195}.Debug|Any CPU.Build.0 = Debug|Any CPU
		{5739A5DC-887F-40B4-8BF9-B06805153195}.Release|Any CPU.ActiveCfg = Release|Any CPU
		{5739A5DC-887F-40B4-8BF9-B06805153195}.Release|Any CPU.Build.0 = Release|Any CPU
	EndGlobalSection
	GlobalSection(SolutionProperties) = preSolution
		HideSolutionNode = FALSE
	EndGlobalSection
EndGlobal
